
Microsoft Visual Studio Solution File, Format Version 12.00
# Visual Studio Version 17
VisualStudioVersion = 17.0.32014.148
MinimumVisualStudioVersion = 10.0.40219.1
Project("{2150E333-8FDC-42A3-9474-1A3956D46DE8}") = "Solution Items", "Solution Items", "{89484EFE-6030-4B35-AEEF-9618BDD9537A}"
	ProjectSection(SolutionItems) = preProject
		mongo-config.yaml = mongo-config.yaml
		mongo-secret.yaml = mongo-secret.yaml
		mongo.yaml = mongo.yaml
		Readme.txt = Readme.txt
		webapp.yaml = webapp.yaml
	EndProjectSection
EndProject
Global
	GlobalSection(SolutionProperties) = preSolution
		HideSolutionNode = FALSE
	EndGlobalSection
	GlobalSection(ExtensibilityGlobals) = postSolution
		SolutionGuid = {3006C58D-C9A8-43E7-AE3A-65EAFEF29567}
	EndGlobalSection
EndGlobal
